
Microsoft Visual Studio Solution File, Format Version 12.00
# Visual Studio Version 17
VisualStudioVersion = 17.0.31919.166
MinimumVisualStudioVersion = 10.0.40219.1
Project("{FAE04EC0-301F-11D3-BF4B-00C04F79EFBC}") = "AoC.Solutions", "AoC.Solutions\AoC.Solutions.csproj", "{B9382CC0-274F-4CA1-92D6-DC4E43EC4078}"
EndProject
Global
	GlobalSection(SolutionConfigurationPlatforms) = preSolution
		Debug|Any CPU = Debug|Any CPU
		Release|Any CPU = Release|Any CPU
	EndGlobalSection
	GlobalSection(ProjectConfigurationPlatforms) = postSolution
		{B9382CC0-274F-4CA1-92D6-DC4E43EC4078}.Debug|Any CPU.ActiveCfg = Debug|Any CPU
		{B9382CC0-274F-4CA1-92D6-DC4E43EC4078}.Debug|Any CPU.Build.0 = Debug|Any CPU
		{B9382CC0-274F-4CA1-92D6-DC4E43EC4078}.Release|Any CPU.ActiveCfg = Release|Any CPU
		{B9382CC0-274F-4CA1-92D6-DC4E43EC4078}.Release|Any CPU.Build.0 = Release|Any CPU
	EndGlobalSection
	GlobalSection(SolutionProperties) = preSolution
		HideSolutionNode = FALSE
	EndGlobalSection
	GlobalSection(ExtensibilityGlobals) = postSolution
		SolutionGuid = {AA4FB5A0-A7B4-4076-87C1-6EC36CEC652D}
	EndGlobalSection
EndGlobal
